
Microsoft Visual Studio Solution File, Format Version 12.00
# Visual Studio 15
VisualStudioVersion = 15.0.27428.2043
MinimumVisualStudioVersion = 10.0.40219.1
Project("{9A19103F-16F7-4668-BE54-9A1E7A4F7556}") = "News.Web", "News.Web\News.Web.csproj", "{A44801A9-6E09-44B9-B180-C34005E3178B}"
EndProject
Project("{FAE04EC0-301F-11D3-BF4B-00C04F79EFBC}") = "News.Data", "News.Data\News.Data.csproj", "{4D4A035E-55E7-4601-BB60-6EAE12ABC0C1}"
EndProject
Project("{FAE04EC0-301F-11D3-BF4B-00C04F79EFBC}") = "News.Tests", "News.Tests\News.Tests.csproj", "{B93451F1-21DE-429E-82EC-AEA2D2327CD5}"
EndProject
Global
	GlobalSection(SolutionConfigurationPlatforms) = preSolution
		Debug|Any CPU = Debug|Any CPU
		Release|Any CPU = Release|Any CPU
	EndGlobalSection
	GlobalSection(ProjectConfigurationPlatforms) = postSolution
		{A44801A9-6E09-44B9-B180-C34005E3178B}.Debug|Any CPU.ActiveCfg = Debug|Any CPU
		{A44801A9-6E09-44B9-B180-C34005E3178B}.Debug|Any CPU.Build.0 = Debug|Any CPU
		{A44801A9-6E09-44B9-B180-C34005E3178B}.Release|Any CPU.ActiveCfg = Release|Any CPU
		{A44801A9-6E09-44B9-B180-C34005E3178B}.Release|Any CPU.Build.0 = Release|Any CPU
		{4D4A035E-55E7-4601-BB60-6EAE12ABC0C1}.Debug|Any CPU.ActiveCfg = Debug|Any CPU
		{4D4A035E-55E7-4601-BB60-6EAE12ABC0C1}.Debug|Any CPU.Build.0 = Debug|Any CPU
		{4D4A035E-55E7-4601-BB60-6EAE12ABC0C1}.Release|Any CPU.ActiveCfg = Release|Any CPU
		{4D4A035E-55E7-4601-BB60-6EAE12ABC0C1}.Release|Any CPU.Build.0 = Release|Any CPU
		{B93451F1-21DE-429E-82EC-AEA2D2327CD5}.Debug|Any CPU.ActiveCfg = Debug|Any CPU
		{B93451F1-21DE-429E-82EC-AEA2D2327CD5}.Debug|Any CPU.Build.0 = Debug|Any CPU
		{B93451F1-21DE-429E-82EC-AEA2D2327CD5}.Release|Any CPU.ActiveCfg = Release|Any CPU
		{B93451F1-21DE-429E-82EC-AEA2D2327CD5}.Release|Any CPU.Build.0 = Release|Any CPU
	EndGlobalSection
	GlobalSection(SolutionProperties) = preSolution
		HideSolutionNode = FALSE
	EndGlobalSection
	GlobalSection(ExtensibilityGlobals) = postSolution
		SolutionGuid = {5D779365-4914-443F-BE44-02174964AC43}
	EndGlobalSection
EndGlobal
